
Microsoft Visual Studio Solution File, Format Version 12.00
# Visual Studio Version 17
VisualStudioVersion = 17.1.32414.318
MinimumVisualStudioVersion = 10.0.40219.1
Project("{FAE04EC0-301F-11D3-BF4B-00C04F79EFBC}") = "OnlineStore", "OnlineStore\OnlineStore.csproj", "{40C25E33-B62F-4C83-8969-D1FD0834ABDC}"
EndProject
Global
	GlobalSection(SolutionConfigurationPlatforms) = preSolution
		Debug|Any CPU = Debug|Any CPU
		Release|Any CPU = Release|Any CPU
	EndGlobalSection
	GlobalSection(ProjectConfigurationPlatforms) = postSolution
		{40C25E33-B62F-4C83-8969-D1FD0834ABDC}.Debug|Any CPU.ActiveCfg = Debug|Any CPU
		{40C25E33-B62F-4C83-8969-D1FD0834ABDC}.Debug|Any CPU.Build.0 = Debug|Any CPU
		{40C25E33-B62F-4C83-8969-D1FD0834ABDC}.Release|Any CPU.ActiveCfg = Release|Any CPU
		{40C25E33-B62F-4C83-8969-D1FD0834ABDC}.Release|Any CPU.Build.0 = Release|Any CPU
	EndGlobalSection
	GlobalSection(SolutionProperties) = preSolution
		HideSolutionNode = FALSE
	EndGlobalSection
	GlobalSection(ExtensibilityGlobals) = postSolution
		SolutionGuid = {7E4B783B-7DE6-4EBA-8BF5-6C43C2A49AFB}
	EndGlobalSection
EndGlobal
